<?xml version="1.0" encoding="utf-8"?>
<Project ToolsVersion="4.0" xmlns="http://schemas.microsoft.com/developer/msbuild/2003">
  <ItemGroup>
    <Filter Include="源文件">
      <UniqueIdentifier>{4FC737F1-C7A5-4376-A066-2A32D752A2FF}</UniqueIdentifier>
      <Extensions>cpp;c;cc;cxx;c++;cppm;ixx;def;odl;idl;hpj;bat;asm;asmx</Extensions>
    </Filter>
    <Filter Include="头文件">
      <UniqueIdentifier>{93995380-89BD-4b04-88EB-625FBE52EBFB}</UniqueIdentifier>
      <Extensions>h;hh;hpp;hxx;h++;hm;inl;inc;ipp;xsd</Extensions>
    </Filter>
    <Filter Include="资源文件">
      <UniqueIdentifier>{67DA6AB6-F800-4c08-8B7A-83BB121AAD01}</UniqueIdentifier>
      <Extensions>rc;ico;cur;bmp;dlg;rc2;rct;bin;rgs;gif;jpg;jpeg;jpe;resx;tiff;tif;png;wav;mfcribbon-ms</Extensions>
    </Filter>
    <Filter Include="ImGui">
      <UniqueIdentifier>{5b54783b-78f6-45b7-a508-f88a51b6ec06}</UniqueIdentifier>
    </Filter>
    <Filter Include="DX文件">
      <UniqueIdentifier>{09171b14-185c-4dd3-9546-77cf06d3db73}</UniqueIdentifier>
    </Filter>
  </ItemGroup>
  <ItemGroup>
    <ClCompile Include="dllmain.cpp">
      <Filter>源文件</Filter>
    </ClCompile>
    <ClCompile Include="ImGui\imgui.cpp">
      <Filter>ImGui</Filter>
    </ClCompile>
    <ClCompile Include="ImGui\imgui_draw.cpp">
      <Filter>ImGui</Filter>
    </ClCompile>
    <ClCompile Include="ImGui\imgui_impl_dx11.cpp">
      <Filter>ImGui</Filter>
    </ClCompile>
    <ClCompile Include="ImGui\imgui_impl_win32.cpp">
      <Filter>ImGui</Filter>
    </ClCompile>
    <ClCompile Include="ImGui\imgui_tables.cpp">
      <Filter>ImGui</Filter>
    </ClCompile>
    <ClCompile Include="ImGui\imgui_widgets.cpp">
      <Filter>ImGui</Filter>
    </ClCompile>
    <ClCompile Include="dx11.cpp">
      <Filter>DX文件</Filter>
    </ClCompile>
    <ClCompile Include="class.cpp">
      <Filter>源文件</Filter>
    </ClCompile>
    <ClCompile Include="engine.cpp">
      <Filter>源文件</Filter>
    </ClCompile>
    <ClCompile Include="menu.cpp">
      <Filter>源文件</Filter>
    </ClCompile>
    <ClCompile Include="render.cpp">
      <Filter>源文件</Filter>
    </ClCompile>
    <ClCompile Include="aimbot.cpp">
      <Filter>源文件</Filter>
    </ClCompile>
    <ClCompile Include="hook.cpp">
      <Filter>源文件</Filter>
    </ClCompile>
    <ClCompile Include="sigScaner.cpp">
      <Filter>源文件</Filter>
    </ClCompile>
  </ItemGroup>
  <ItemGroup>
    <ClInclude Include="base.h">
      <Filter>头文件</Filter>
    </ClInclude>
    <ClInclude Include="ImGui\imconfig.h">
      <Filter>ImGui</Filter>
    </ClInclude>
    <ClInclude Include="ImGui\imgui.h">
      <Filter>ImGui</Filter>
    </ClInclude>
    <ClInclude Include="ImGui\imgui_impl_dx11.h">
      <Filter>ImGui</Filter>
    </ClInclude>
    <ClInclude Include="ImGui\imgui_impl_win32.h">
      <Filter>ImGui</Filter>
    </ClInclude>
    <ClInclude Include="ImGui\imgui_internal.h">
      <Filter>ImGui</Filter>
    </ClInclude>
    <ClInclude Include="ImGui\imstb_rectpack.h">
      <Filter>ImGui</Filter>
    </ClInclude>
    <ClInclude Include="ImGui\imstb_textedit.h">
      <Filter>ImGui</Filter>
    </ClInclude>
    <ClInclude Include="ImGui\imstb_truetype.h">
      <Filter>ImGui</Filter>
    </ClInclude>
    <ClInclude Include="dx11.h">
      <Filter>DX文件</Filter>
    </ClInclude>
    <ClInclude Include="class.h">
      <Filter>头文件</Filter>
    </ClInclude>
    <ClInclude Include="engine.h">
      <Filter>头文件</Filter>
    </ClInclude>
    <ClInclude Include="struct.h">
      <Filter>头文件</Filter>
    </ClInclude>
    <ClInclude Include="menu.h">
      <Filter>头文件</Filter>
    </ClInclude>
    <ClInclude Include="enum.h">
      <Filter>头文件</Filter>
    </ClInclude>
    <ClInclude Include="render.h">
      <Filter>头文件</Filter>
    </ClInclude>
    <ClInclude Include="aimbot.h">
      <Filter>头文件</Filter>
    </ClInclude>
    <ClInclude Include="hook.h">
      <Filter>头文件</Filter>
    </ClInclude>
    <ClInclude Include="sigScaner.h">
      <Filter>头文件</Filter>
    </ClInclude>
  </ItemGroup>
</Project>